PODS:
  - GooglePlacesSearchController (0.1.8)

DEPENDENCIES:
  - GooglePlacesSearchController (from `../`)

EXTERNAL SOURCES:
  GooglePlacesSearchController:
    :path: "../"

SPEC CHECKSUMS:
  GooglePlacesSearchController: a07f68a8573a5174e54eddd01641a0e1df973f0c

PODFILE CHECKSUM: c2bf1e0a214d2c575c504d0f69e1cebad971a433

COCOAPODS: 1.1.1
